
Microsoft Visual Studio Solution File, Format Version 12.00
# Visual Studio Version 16
VisualStudioVersion = 16.0.28922.388
MinimumVisualStudioVersion = 10.0.40219.1
Project("{FAE04EC0-301F-11D3-BF4B-00C04F79EFBC}") = "eCommerceUI", "eCommerceUI\eCommerceUI.csproj", "{7A0A1D55-7C8C-4584-9DFA-9F58F0959D45}"
EndProject
Project("{FAE04EC0-301F-11D3-BF4B-00C04F79EFBC}") = "eCommerce.Messages", "eCommerce.Messages\eCommerce.Messages.csproj", "{9A004ADB-B02B-4F24-AABF-B08F209A66E9}"
EndProject
Project("{FAE04EC0-301F-11D3-BF4B-00C04F79EFBC}") = "eCommerce.Order", "eCommerce.Order\eCommerce.Order.csproj", "{826A3725-4826-4544-9D5E-6020D04484D8}"
EndProject
Project("{FAE04EC0-301F-11D3-BF4B-00C04F79EFBC}") = "eCommerce.Rest", "eCommerce.Rest\eCommerce.Rest.csproj", "{266EA020-226F-4304-810A-D639E2DD69A3}"
EndProject
Project("{FAE04EC0-301F-11D3-BF4B-00C04F79EFBC}") = "eCommerce.Saga", "eCommerce.Saga\eCommerce.Saga.csproj", "{ADEF1B11-149F-4F8B-9616-CDD93794A5BC}"
EndProject
Project("{FAE04EC0-301F-11D3-BF4B-00C04F79EFBC}") = "eCommerce.Planner", "eCommerce.Planner\eCommerce.Planner.csproj", "{FF5E5F48-A6FF-4051-8E9F-38E882E40F0F}"
EndProject
Project("{FAE04EC0-301F-11D3-BF4B-00C04F79EFBC}") = "eCommerce.Tests", "eCommerce.Tests\eCommerce.Tests.csproj", "{D04E0872-341F-4C3E-90AF-81261CE29047}"
EndProject
Project("{FAE04EC0-301F-11D3-BF4B-00C04F79EFBC}") = "eCommerce.OrderActivity", "eCommerce.OrderActivity\eCommerce.OrderActivity.csproj", "{3AFD5E3E-FC60-4E21-8488-E803CEA7DFE1}"
EndProject
Global
	GlobalSection(SolutionConfigurationPlatforms) = preSolution
		Debug|Any CPU = Debug|Any CPU
		Release|Any CPU = Release|Any CPU
	EndGlobalSection
	GlobalSection(ProjectConfigurationPlatforms) = postSolution
		{7A0A1D55-7C8C-4584-9DFA-9F58F0959D45}.Debug|Any CPU.ActiveCfg = Debug|Any CPU
		{7A0A1D55-7C8C-4584-9DFA-9F58F0959D45}.Debug|Any CPU.Build.0 = Debug|Any CPU
		{7A0A1D55-7C8C-4584-9DFA-9F58F0959D45}.Release|Any CPU.ActiveCfg = Release|Any CPU
		{7A0A1D55-7C8C-4584-9DFA-9F58F0959D45}.Release|Any CPU.Build.0 = Release|Any CPU
		{9A004ADB-B02B-4F24-AABF-B08F209A66E9}.Debug|Any CPU.ActiveCfg = Debug|Any CPU
		{9A004ADB-B02B-4F24-AABF-B08F209A66E9}.Debug|Any CPU.Build.0 = Debug|Any CPU
		{9A004ADB-B02B-4F24-AABF-B08F209A66E9}.Release|Any CPU.ActiveCfg = Release|Any CPU
		{9A004ADB-B02B-4F24-AABF-B08F209A66E9}.Release|Any CPU.Build.0 = Release|Any CPU
		{826A3725-4826-4544-9D5E-6020D04484D8}.Debug|Any CPU.ActiveCfg = Debug|Any CPU
		{826A3725-4826-4544-9D5E-6020D04484D8}.Debug|Any CPU.Build.0 = Debug|Any CPU
		{826A3725-4826-4544-9D5E-6020D04484D8}.Release|Any CPU.ActiveCfg = Release|Any CPU
		{826A3725-4826-4544-9D5E-6020D04484D8}.Release|Any CPU.Build.0 = Release|Any CPU
		{266EA020-226F-4304-810A-D639E2DD69A3}.Debug|Any CPU.ActiveCfg = Debug|Any CPU
		{266EA020-226F-4304-810A-D639E2DD69A3}.Debug|Any CPU.Build.0 = Debug|Any CPU
		{266EA020-226F-4304-810A-D639E2DD69A3}.Release|Any CPU.ActiveCfg = Release|Any CPU
		{266EA020-226F-4304-810A-D639E2DD69A3}.Release|Any CPU.Build.0 = Release|Any CPU
		{ADEF1B11-149F-4F8B-9616-CDD93794A5BC}.Debug|Any CPU.ActiveCfg = Debug|Any CPU
		{ADEF1B11-149F-4F8B-9616-CDD93794A5BC}.Debug|Any CPU.Build.0 = Debug|Any CPU
		{ADEF1B11-149F-4F8B-9616-CDD93794A5BC}.Release|Any CPU.ActiveCfg = Release|Any CPU
		{ADEF1B11-149F-4F8B-9616-CDD93794A5BC}.Release|Any CPU.Build.0 = Release|Any CPU
		{FF5E5F48-A6FF-4051-8E9F-38E882E40F0F}.Debug|Any CPU.ActiveCfg = Debug|Any CPU
		{FF5E5F48-A6FF-4051-8E9F-38E882E40F0F}.Debug|Any CPU.Build.0 = Debug|Any CPU
		{FF5E5F48-A6FF-4051-8E9F-38E882E40F0F}.Release|Any CPU.ActiveCfg = Release|Any CPU
		{FF5E5F48-A6FF-4051-8E9F-38E882E40F0F}.Release|Any CPU.Build.0 = Release|Any CPU
		{D04E0872-341F-4C3E-90AF-81261CE29047}.Debug|Any CPU.ActiveCfg = Debug|Any CPU
		{D04E0872-341F-4C3E-90AF-81261CE29047}.Debug|Any CPU.Build.0 = Debug|Any CPU
		{D04E0872-341F-4C3E-90AF-81261CE29047}.Release|Any CPU.ActiveCfg = Release|Any CPU
		{D04E0872-341F-4C3E-90AF-81261CE29047}.Release|Any CPU.Build.0 = Release|Any CPU
		{3AFD5E3E-FC60-4E21-8488-E803CEA7DFE1}.Debug|Any CPU.ActiveCfg = Debug|Any CPU
		{3AFD5E3E-FC60-4E21-8488-E803CEA7DFE1}.Debug|Any CPU.Build.0 = Debug|Any CPU
		{3AFD5E3E-FC60-4E21-8488-E803CEA7DFE1}.Release|Any CPU.ActiveCfg = Release|Any CPU
		{3AFD5E3E-FC60-4E21-8488-E803CEA7DFE1}.Release|Any CPU.Build.0 = Release|Any CPU
	EndGlobalSection
	GlobalSection(SolutionProperties) = preSolution
		HideSolutionNode = FALSE
	EndGlobalSection
	GlobalSection(ExtensibilityGlobals) = postSolution
		SolutionGuid = {6CEFD038-98B4-47CC-ACCD-7C3E91EA0519}
	EndGlobalSection
EndGlobal
