
Microsoft Visual Studio Solution File, Format Version 12.00
# Visual Studio Version 16
VisualStudioVersion = 16.0.28922.388
MinimumVisualStudioVersion = 10.0.40219.1
Project("{FAE04EC0-301F-11D3-BF4B-00C04F79EFBC}") = "FireOnWheelsUI", "FireOnWheelsUI\FireOnWheelsUI.csproj", "{7A0A1D55-7C8C-4584-9DFA-9F58F0959D45}"
EndProject
Project("{FAE04EC0-301F-11D3-BF4B-00C04F79EFBC}") = "FireOnWheels.Messages", "FireOnWheels.Messages\FireOnWheels.Messages.csproj", "{9A004ADB-B02B-4F24-AABF-B08F209A66E9}"
EndProject
Project("{FAE04EC0-301F-11D3-BF4B-00C04F79EFBC}") = "FireOnWheels.Order", "FireOnWheels.Order\FireOnWheels.Order.csproj", "{826A3725-4826-4544-9D5E-6020D04484D8}"
EndProject
Project("{FAE04EC0-301F-11D3-BF4B-00C04F79EFBC}") = "FireOnWheels.Rest", "FireOnWheels.Rest\FireOnWheels.Rest.csproj", "{266EA020-226F-4304-810A-D639E2DD69A3}"
EndProject
Project("{FAE04EC0-301F-11D3-BF4B-00C04F79EFBC}") = "FireOnWheels.Saga", "FireOnWheels.Saga\FireOnWheels.Saga.csproj", "{ADEF1B11-149F-4F8B-9616-CDD93794A5BC}"
EndProject
Project("{FAE04EC0-301F-11D3-BF4B-00C04F79EFBC}") = "FireOnWheels.Planning", "FireOnWheels.Planning\FireOnWheels.Planning.csproj", "{FF5E5F48-A6FF-4051-8E9F-38E882E40F0F}"
EndProject
Global
	GlobalSection(SolutionConfigurationPlatforms) = preSolution
		Debug|Any CPU = Debug|Any CPU
		Release|Any CPU = Release|Any CPU
	EndGlobalSection
	GlobalSection(ProjectConfigurationPlatforms) = postSolution
		{7A0A1D55-7C8C-4584-9DFA-9F58F0959D45}.Debug|Any CPU.ActiveCfg = Debug|Any CPU
		{7A0A1D55-7C8C-4584-9DFA-9F58F0959D45}.Debug|Any CPU.Build.0 = Debug|Any CPU
		{7A0A1D55-7C8C-4584-9DFA-9F58F0959D45}.Release|Any CPU.ActiveCfg = Release|Any CPU
		{7A0A1D55-7C8C-4584-9DFA-9F58F0959D45}.Release|Any CPU.Build.0 = Release|Any CPU
		{9A004ADB-B02B-4F24-AABF-B08F209A66E9}.Debug|Any CPU.ActiveCfg = Debug|Any CPU
		{9A004ADB-B02B-4F24-AABF-B08F209A66E9}.Debug|Any CPU.Build.0 = Debug|Any CPU
		{9A004ADB-B02B-4F24-AABF-B08F209A66E9}.Release|Any CPU.ActiveCfg = Release|Any CPU
		{9A004ADB-B02B-4F24-AABF-B08F209A66E9}.Release|Any CPU.Build.0 = Release|Any CPU
		{826A3725-4826-4544-9D5E-6020D04484D8}.Debug|Any CPU.ActiveCfg = Debug|Any CPU
		{826A3725-4826-4544-9D5E-6020D04484D8}.Debug|Any CPU.Build.0 = Debug|Any CPU
		{826A3725-4826-4544-9D5E-6020D04484D8}.Release|Any CPU.ActiveCfg = Release|Any CPU
		{826A3725-4826-4544-9D5E-6020D04484D8}.Release|Any CPU.Build.0 = Release|Any CPU
		{266EA020-226F-4304-810A-D639E2DD69A3}.Debug|Any CPU.ActiveCfg = Debug|Any CPU
		{266EA020-226F-4304-810A-D639E2DD69A3}.Debug|Any CPU.Build.0 = Debug|Any CPU
		{266EA020-226F-4304-810A-D639E2DD69A3}.Release|Any CPU.ActiveCfg = Release|Any CPU
		{266EA020-226F-4304-810A-D639E2DD69A3}.Release|Any CPU.Build.0 = Release|Any CPU
		{ADEF1B11-149F-4F8B-9616-CDD93794A5BC}.Debug|Any CPU.ActiveCfg = Debug|Any CPU
		{ADEF1B11-149F-4F8B-9616-CDD93794A5BC}.Debug|Any CPU.Build.0 = Debug|Any CPU
		{ADEF1B11-149F-4F8B-9616-CDD93794A5BC}.Release|Any CPU.ActiveCfg = Release|Any CPU
		{ADEF1B11-149F-4F8B-9616-CDD93794A5BC}.Release|Any CPU.Build.0 = Release|Any CPU
		{FF5E5F48-A6FF-4051-8E9F-38E882E40F0F}.Debug|Any CPU.ActiveCfg = Debug|Any CPU
		{FF5E5F48-A6FF-4051-8E9F-38E882E40F0F}.Debug|Any CPU.Build.0 = Debug|Any CPU
		{FF5E5F48-A6FF-4051-8E9F-38E882E40F0F}.Release|Any CPU.ActiveCfg = Release|Any CPU
		{FF5E5F48-A6FF-4051-8E9F-38E882E40F0F}.Release|Any CPU.Build.0 = Release|Any CPU
	EndGlobalSection
	GlobalSection(SolutionProperties) = preSolution
		HideSolutionNode = FALSE
	EndGlobalSection
	GlobalSection(ExtensibilityGlobals) = postSolution
		SolutionGuid = {6CEFD038-98B4-47CC-ACCD-7C3E91EA0519}
	EndGlobalSection
EndGlobal
